
Microsoft Visual Studio Solution File, Format Version 12.00
# Visual Studio Version 17
VisualStudioVersion = 17.9.34607.119
MinimumVisualStudioVersion = 10.0.40219.1
Project("{FAE04EC0-301F-11D3-BF4B-00C04F79EFBC}") = "ResumeMusab", "ResumeMusab\ResumeMusab.csproj", "{9AC72146-5CE4-4915-94E7-D24C87D2AEC9}"
EndProject
Global
	GlobalSection(SolutionConfigurationPlatforms) = preSolution
		Debug|Any CPU = Debug|Any CPU
		Release|Any CPU = Release|Any CPU
	EndGlobalSection
	GlobalSection(ProjectConfigurationPlatforms) = postSolution
		{9AC72146-5CE4-4915-94E7-D24C87D2AEC9}.Debug|Any CPU.ActiveCfg = Debug|Any CPU
		{9AC72146-5CE4-4915-94E7-D24C87D2AEC9}.Debug|Any CPU.Build.0 = Debug|Any CPU
		{9AC72146-5CE4-4915-94E7-D24C87D2AEC9}.Release|Any CPU.ActiveCfg = Release|Any CPU
		{9AC72146-5CE4-4915-94E7-D24C87D2AEC9}.Release|Any CPU.Build.0 = Release|Any CPU
	EndGlobalSection
	GlobalSection(SolutionProperties) = preSolution
		HideSolutionNode = FALSE
	EndGlobalSection
	GlobalSection(ExtensibilityGlobals) = postSolution
		SolutionGuid = {6601A4A1-6CE6-4E27-8081-CD27601FEEB4}
	EndGlobalSection
EndGlobal
